# This file was autogenerated by Stack.
# You should not edit this file by hand.
# For more information, please see the documentation at:
#   https://docs.haskellstack.org/en/stable/lock_files

packages:
- completed:
    hackage: effectful-2.1.0.0@sha256:53b18b9161560cd98a8acec0883df740bf87027f623d58458e9f65adf83c450a,6094
    pantry-tree:
      size: 2492
      sha256: 4b41ea612bb7a464e9dbd8937523bade40b7352063da8f56c847ae1c3be32428
  original:
    hackage: effectful-2.1.0.0@sha256:53b18b9161560cd98a8acec0883df740bf87027f623d58458e9f65adf83c450a,6094
- completed:
    hackage: effectful-core-2.1.0.0@sha256:8cb5e4bc3336a1a17eb8689fe8ae4ebecbe5ee8b088794024d68f5a282c0588b,3622
    pantry-tree:
      size: 1855
      sha256: 3f39289662a3f4ff6a9c4b1046758d1edaa5180e48e764d785dfc2100f38c000
  original:
    hackage: effectful-core-2.1.0.0@sha256:8cb5e4bc3336a1a17eb8689fe8ae4ebecbe5ee8b088794024d68f5a282c0588b
snapshots:
- completed:
    size: 619391
    url: https://raw.githubusercontent.com/commercialhaskell/stackage-snapshots/master/lts/19/21.yaml
    sha256: fe8926aaa3f05bb1a0a82551d2e221f267726fe73ac369d74f7b909d45b92fba
  original: lts-19.21
